
Microsoft Visual Studio Solution File, Format Version 12.00
# Visual Studio Version 17
VisualStudioVersion = 17.4.33103.184
MinimumVisualStudioVersion = 10.0.40219.1
Project("{FAE04EC0-301F-11D3-BF4B-00C04F79EFBC}") = "BloodDonate", "BloodDonate\BloodDonate.csproj", "{C6ADE610-1DDF-4D2E-873E-AFA30B4566A1}"
EndProject
Project("{FAE04EC0-301F-11D3-BF4B-00C04F79EFBC}") = "BLL", "BLL\BLL.csproj", "{3A087F2D-CD92-414A-8A86-30E8D68959FA}"
EndProject
Project("{FAE04EC0-301F-11D3-BF4B-00C04F79EFBC}") = "DAL", "DAL\DAL.csproj", "{8F20647C-0E5C-4753-A825-4E22F4AD31EB}"
EndProject
Global
	GlobalSection(SolutionConfigurationPlatforms) = preSolution
		Debug|Any CPU = Debug|Any CPU
		Release|Any CPU = Release|Any CPU
	EndGlobalSection
	GlobalSection(ProjectConfigurationPlatforms) = postSolution
		{C6ADE610-1DDF-4D2E-873E-AFA30B4566A1}.Debug|Any CPU.ActiveCfg = Debug|Any CPU
		{C6ADE610-1DDF-4D2E-873E-AFA30B4566A1}.Debug|Any CPU.Build.0 = Debug|Any CPU
		{C6ADE610-1DDF-4D2E-873E-AFA30B4566A1}.Release|Any CPU.ActiveCfg = Release|Any CPU
		{C6ADE610-1DDF-4D2E-873E-AFA30B4566A1}.Release|Any CPU.Build.0 = Release|Any CPU
		{3A087F2D-CD92-414A-8A86-30E8D68959FA}.Debug|Any CPU.ActiveCfg = Debug|Any CPU
		{3A087F2D-CD92-414A-8A86-30E8D68959FA}.Debug|Any CPU.Build.0 = Debug|Any CPU
		{3A087F2D-CD92-414A-8A86-30E8D68959FA}.Release|Any CPU.ActiveCfg = Release|Any CPU
		{3A087F2D-CD92-414A-8A86-30E8D68959FA}.Release|Any CPU.Build.0 = Release|Any CPU
		{8F20647C-0E5C-4753-A825-4E22F4AD31EB}.Debug|Any CPU.ActiveCfg = Debug|Any CPU
		{8F20647C-0E5C-4753-A825-4E22F4AD31EB}.Debug|Any CPU.Build.0 = Debug|Any CPU
		{8F20647C-0E5C-4753-A825-4E22F4AD31EB}.Release|Any CPU.ActiveCfg = Release|Any CPU
		{8F20647C-0E5C-4753-A825-4E22F4AD31EB}.Release|Any CPU.Build.0 = Release|Any CPU
	EndGlobalSection
	GlobalSection(SolutionProperties) = preSolution
		HideSolutionNode = FALSE
	EndGlobalSection
	GlobalSection(ExtensibilityGlobals) = postSolution
		SolutionGuid = {30F144A7-7479-4370-AE0A-69F2362A3499}
	EndGlobalSection
EndGlobal
