
Microsoft Visual Studio Solution File, Format Version 12.00
# Visual Studio Version 17
VisualStudioVersion = 17.4.33103.184
MinimumVisualStudioVersion = 10.0.40219.1
Project("{FAE04EC0-301F-11D3-BF4B-00C04F79EFBC}") = "ZeroHunger", "ZeroHunger\ZeroHunger.csproj", "{ADB60DCE-263D-47FA-B6BE-DC219F388901}"
EndProject
Project("{FAE04EC0-301F-11D3-BF4B-00C04F79EFBC}") = "DAL", "DAL\DAL.csproj", "{90540563-068B-4C02-84D0-E9BF1762C6C6}"
EndProject
Project("{FAE04EC0-301F-11D3-BF4B-00C04F79EFBC}") = "BLL", "BLL\BLL.csproj", "{96F8F3D3-EB31-4714-9E22-D445DEF57024}"
EndProject
Global
	GlobalSection(SolutionConfigurationPlatforms) = preSolution
		Debug|Any CPU = Debug|Any CPU
		Release|Any CPU = Release|Any CPU
	EndGlobalSection
	GlobalSection(ProjectConfigurationPlatforms) = postSolution
		{ADB60DCE-263D-47FA-B6BE-DC219F388901}.Debug|Any CPU.ActiveCfg = Debug|Any CPU
		{ADB60DCE-263D-47FA-B6BE-DC219F388901}.Debug|Any CPU.Build.0 = Debug|Any CPU
		{ADB60DCE-263D-47FA-B6BE-DC219F388901}.Release|Any CPU.ActiveCfg = Release|Any CPU
		{ADB60DCE-263D-47FA-B6BE-DC219F388901}.Release|Any CPU.Build.0 = Release|Any CPU
		{90540563-068B-4C02-84D0-E9BF1762C6C6}.Debug|Any CPU.ActiveCfg = Debug|Any CPU
		{90540563-068B-4C02-84D0-E9BF1762C6C6}.Debug|Any CPU.Build.0 = Debug|Any CPU
		{90540563-068B-4C02-84D0-E9BF1762C6C6}.Release|Any CPU.ActiveCfg = Release|Any CPU
		{90540563-068B-4C02-84D0-E9BF1762C6C6}.Release|Any CPU.Build.0 = Release|Any CPU
		{96F8F3D3-EB31-4714-9E22-D445DEF57024}.Debug|Any CPU.ActiveCfg = Debug|Any CPU
		{96F8F3D3-EB31-4714-9E22-D445DEF57024}.Debug|Any CPU.Build.0 = Debug|Any CPU
		{96F8F3D3-EB31-4714-9E22-D445DEF57024}.Release|Any CPU.ActiveCfg = Release|Any CPU
		{96F8F3D3-EB31-4714-9E22-D445DEF57024}.Release|Any CPU.Build.0 = Release|Any CPU
	EndGlobalSection
	GlobalSection(SolutionProperties) = preSolution
		HideSolutionNode = FALSE
	EndGlobalSection
	GlobalSection(ExtensibilityGlobals) = postSolution
		SolutionGuid = {470B4193-40F8-49C2-954B-FE77B77731F4}
	EndGlobalSection
EndGlobal
