
Microsoft Visual Studio Solution File, Format Version 12.00
# Visual Studio Version 17
VisualStudioVersion = 17.4.33213.308
MinimumVisualStudioVersion = 10.0.40219.1
Project("{FAE04EC0-301F-11D3-BF4B-00C04F79EFBC}") = "FormValidation", "FormValidation\FormValidation.csproj", "{870DEF14-AAC4-4AD1-9880-99D8E888863E}"
EndProject
Global
	GlobalSection(SolutionConfigurationPlatforms) = preSolution
		Debug|Any CPU = Debug|Any CPU
		Release|Any CPU = Release|Any CPU
	EndGlobalSection
	GlobalSection(ProjectConfigurationPlatforms) = postSolution
		{870DEF14-AAC4-4AD1-9880-99D8E888863E}.Debug|Any CPU.ActiveCfg = Debug|Any CPU
		{870DEF14-AAC4-4AD1-9880-99D8E888863E}.Debug|Any CPU.Build.0 = Debug|Any CPU
		{870DEF14-AAC4-4AD1-9880-99D8E888863E}.Release|Any CPU.ActiveCfg = Release|Any CPU
		{870DEF14-AAC4-4AD1-9880-99D8E888863E}.Release|Any CPU.Build.0 = Release|Any CPU
	EndGlobalSection
	GlobalSection(SolutionProperties) = preSolution
		HideSolutionNode = FALSE
	EndGlobalSection
	GlobalSection(ExtensibilityGlobals) = postSolution
		SolutionGuid = {D8D72087-DD91-4137-98C7-C4A549C1924B}
	EndGlobalSection
EndGlobal
