
Microsoft Visual Studio Solution File, Format Version 12.00
# Visual Studio Version 16
VisualStudioVersion = 16.0.32929.386
MinimumVisualStudioVersion = 10.0.40219.1
Project("{FAE04EC0-301F-11D3-BF4B-00C04F79EFBC}") = "shoppingwithme", "shoppingwithme.csproj", "{B444A58C-E299-4E81-928A-04766B914CBE}"
EndProject
Global
	GlobalSection(SolutionConfigurationPlatforms) = preSolution
		Debug|Any CPU = Debug|Any CPU
		Release|Any CPU = Release|Any CPU
	EndGlobalSection
	GlobalSection(ProjectConfigurationPlatforms) = postSolution
		{B444A58C-E299-4E81-928A-04766B914CBE}.Debug|Any CPU.ActiveCfg = Debug|Any CPU
		{B444A58C-E299-4E81-928A-04766B914CBE}.Debug|Any CPU.Build.0 = Debug|Any CPU
		{B444A58C-E299-4E81-928A-04766B914CBE}.Release|Any CPU.ActiveCfg = Release|Any CPU
		{B444A58C-E299-4E81-928A-04766B914CBE}.Release|Any CPU.Build.0 = Release|Any CPU
	EndGlobalSection
	GlobalSection(SolutionProperties) = preSolution
		HideSolutionNode = FALSE
	EndGlobalSection
	GlobalSection(ExtensibilityGlobals) = postSolution
		SolutionGuid = {2B67AF77-9E44-4B70-AE49-ED5E26686523}
	EndGlobalSection
EndGlobal
